// !$*UTF8*$!
{
	archiveVersion = 1;
	classes = {
	};
	objectVersion = 56;
	objects = {

/* Begin PBXBuildFile section */
		8DB31C042A6FF61A0090E6CE /* AppDelegate.swift in Sources */ = {isa = PBXBuildFile; fileRef = 8DB31C032A6FF61A0090E6CE /* AppDelegate.swift */; };
		8DB31C062A6FF61B0090E6CE /* SceneDelegate.swift in Sources */ = {isa = PBXBuildFile; fileRef = 8DB31C052A6FF61B0090E6CE /* SceneDelegate.swift */; };
		8DB31C082A6FF61B0090E6CE /* ViewController.swift in Sources */ = {isa = PBXBuildFile; fileRef = 8DB31C072A6FF61B0090E6CE /* ViewController.swift */; };
		8DB31C0B2A6FF61B0090E6CE /* Main.storyboard in Resources */ = {isa = PBXBuildFile; fileRef = 8DB31C092A6FF61B0090E6CE /* Main.storyboard */; };
		8DB31C0D2A6FF61C0090E6CE /* Assets.xcassets in Resources */ = {isa = PBXBuildFile; fileRef = 8DB31C0C2A6FF61C0090E6CE /* Assets.xcassets */; };
		8DB31C102A6FF61C0090E6CE /* LaunchScreen.storyboard in Resources */ = {isa = PBXBuildFile; fileRef = 8DB31C0E2A6FF61C0090E6CE /* LaunchScreen.storyboard */; };
		8DB31C182A6FF71B0090E6CE /* ViewController1.swift in Sources */ = {isa = PBXBuildFile; fileRef = 8DB31C172A6FF71B0090E6CE /* ViewController1.swift */; };
		8DB31C1A2A6FF7270090E6CE /* ViewController2.swift in Sources */ = {isa = PBXBuildFile; fileRef = 8DB31C192A6FF7270090E6CE /* ViewController2.swift */; };
		8DB31C1C2A6FF7330090E6CE /* ViewController3.swift in Sources */ = {isa = PBXBuildFile; fileRef = 8DB31C1B2A6FF7330090E6CE /* ViewController3.swift */; };
		8DB31C1F2A6FF7B60090E6CE /* vc1.storyboard in Resources */ = {isa = PBXBuildFile; fileRef = 8DB31C1D2A6FF7B60090E6CE /* vc1.storyboard */; };
		8DB31C222A6FF80A0090E6CE /* vc2.storyboard in Resources */ = {isa = PBXBuildFile; fileRef = 8DB31C202A6FF80A0090E6CE /* vc2.storyboard */; };
		8DB31C242A6FF8F30090E6CE /* vc3.storyboard in Resources */ = {isa = PBXBuildFile; fileRef = 8DB31C232A6FF8F30090E6CE /* vc3.storyboard */; };
/* End PBXBuildFile section */

/* Begin PBXFileReference section */
		8DB31C002A6FF61A0090E6CE /* StoryboardTesting.app */ = {isa = PBXFileReference; explicitFileType = wrapper.application; includeInIndex = 0; path = StoryboardTesting.app; sourceTree = BUILT_PRODUCTS_DIR; };
		8DB31C032A6FF61A0090E6CE /* AppDelegate.swift */ = {isa = PBXFileReference; lastKnownFileType = sourcecode.swift; path = AppDelegate.swift; sourceTree = "<group>"; };
		8DB31C052A6FF61B0090E6CE /* SceneDelegate.swift */ = {isa = PBXFileReference; lastKnownFileType = sourcecode.swift; path = SceneDelegate.swift; sourceTree = "<group>"; };
		8DB31C072A6FF61B0090E6CE /* ViewController.swift */ = {isa = PBXFileReference; lastKnownFileType = sourcecode.swift; path = ViewController.swift; sourceTree = "<group>"; };
		8DB31C0A2A6FF61B0090E6CE /* Base */ = {isa = PBXFileReference; lastKnownFileType = file.storyboard; name = Base; path = Base.lproj/Main.storyboard; sourceTree = "<group>"; };
		8DB31C0C2A6FF61C0090E6CE /* Assets.xcassets */ = {isa = PBXFileReference; lastKnownFileType = folder.assetcatalog; path = Assets.xcassets; sourceTree = "<group>"; };
		8DB31C0F2A6FF61C0090E6CE /* Base */ = {isa = PBXFileReference; lastKnownFileType = file.storyboard; name = Base; path = Base.lproj/LaunchScreen.storyboard; sourceTree = "<group>"; };
		8DB31C112A6FF61C0090E6CE /* Info.plist */ = {isa = PBXFileReference; lastKnownFileType = text.plist.xml; path = Info.plist; sourceTree = "<group>"; };
		8DB31C172A6FF71B0090E6CE /* ViewController1.swift */ = {isa = PBXFileReference; lastKnownFileType = sourcecode.swift; path = ViewController1.swift; sourceTree = "<group>"; };
		8DB31C192A6FF7270090E6CE /* ViewController2.swift */ = {isa = PBXFileReference; lastKnownFileType = sourcecode.swift; path = ViewController2.swift; sourceTree = "<group>"; };
		8DB31C1B2A6FF7330090E6CE /* ViewController3.swift */ = {isa = PBXFileReference; lastKnownFileType = sourcecode.swift; path = ViewController3.swift; sourceTree = "<group>"; };
		8DB31C1E2A6FF7B60090E6CE /* Base */ = {isa = PBXFileReference; lastKnownFileType = file.storyboard; name = Base; path = StoryboardTesting/Base.lproj/vc1.storyboard; sourceTree = "<group>"; };
		8DB31C212A6FF80A0090E6CE /* Base */ = {isa = PBXFileReference; lastKnownFileType = file.storyboard; name = Base; path = StoryboardTesting/Base.lproj/vc2.storyboard; sourceTree = "<group>"; };
		8DB31C232A6FF8F30090E6CE /* vc3.storyboard */ = {isa = PBXFileReference; fileEncoding = 4; lastKnownFileType = file.storyboard; path = vc3.storyboard; sourceTree = "<group>"; };
/* End PBXFileReference section */

/* Begin PBXFrameworksBuildPhase section */
		8DB31BFD2A6FF61A0090E6CE /* Frameworks */ = {
			isa = PBXFrameworksBuildPhase;
			buildActionMask = 2147483647;
			files = (
			);
			runOnlyForDeploymentPostprocessing = 0;
		};
/* End PBXFrameworksBuildPhase section */

/* Begin PBXGroup section */
		8DB31BF72A6FF61A0090E6CE = {
			isa = PBXGroup;
			children = (
				8DB31C232A6FF8F30090E6CE /* vc3.storyboard */,
				8DB31C022A6FF61A0090E6CE /* StoryboardTesting */,
				8DB31C012A6FF61A0090E6CE /* Products */,
			);
			sourceTree = "<group>";
		};
		8DB31C012A6FF61A0090E6CE /* Products */ = {
			isa = PBXGroup;
			children = (
				8DB31C002A6FF61A0090E6CE /* StoryboardTesting.app */,
			);
			name = Products;
			sourceTree = "<group>";
		};
		8DB31C022A6FF61A0090E6CE /* StoryboardTesting */ = {
			isa = PBXGroup;
			children = (
				8DB31C202A6FF80A0090E6CE /* vc2.storyboard */,
				8DB31C032A6FF61A0090E6CE /* AppDelegate.swift */,
				8DB31C172A6FF71B0090E6CE /* ViewController1.swift */,
				8DB31C052A6FF61B0090E6CE /* SceneDelegate.swift */,
				8DB31C1D2A6FF7B60090E6CE /* vc1.storyboard */,
				8DB31C1B2A6FF7330090E6CE /* ViewController3.swift */,
				8DB31C192A6FF7270090E6CE /* ViewController2.swift */,
				8DB31C072A6FF61B0090E6CE /* ViewController.swift */,
				8DB31C092A6FF61B0090E6CE /* Main.storyboard */,
				8DB31C0C2A6FF61C0090E6CE /* Assets.xcassets */,
				8DB31C0E2A6FF61C0090E6CE /* LaunchScreen.storyboard */,
				8DB31C112A6FF61C0090E6CE /* Info.plist */,
			);
			path = StoryboardTesting;
			sourceTree = "<group>";
		};
/* End PBXGroup section */

/* Begin PBXNativeTarget section */
		8DB31BFF2A6FF61A0090E6CE /* StoryboardTesting */ = {
			isa = PBXNativeTarget;
			buildConfigurationList = 8DB31C142A6FF61C0090E6CE /* Build configuration list for PBXNativeTarget "StoryboardTesting" */;
			buildPhases = (
				8DB31BFC2A6FF61A0090E6CE /* Sources */,
				8DB31BFD2A6FF61A0090E6CE /* Frameworks */,
				8DB31BFE2A6FF61A0090E6CE /* Resources */,
			);
			buildRules = (
			);
			dependencies = (
			);
			name = StoryboardTesting;
			productName = StoryboardTesting;
			productReference = 8DB31C002A6FF61A0090E6CE /* StoryboardTesting.app */;
			productType = "com.apple.product-type.application";
		};
/* End PBXNativeTarget section */

/* Begin PBXProject section */
		8DB31BF82A6FF61A0090E6CE /* Project object */ = {
			isa = PBXProject;
			attributes = {
				BuildIndependentTargetsInParallel = 1;
				LastSwiftUpdateCheck = 1430;
				LastUpgradeCheck = 1430;
				TargetAttributes = {
					8DB31BFF2A6FF61A0090E6CE = {
						CreatedOnToolsVersion = 14.3;
					};
				};
			};
			buildConfigurationList = 8DB31BFB2A6FF61A0090E6CE /* Build configuration list for PBXProject "StoryboardTesting" */;
			compatibilityVersion = "Xcode 14.0";
			developmentRegion = en;
			hasScannedForEncodings = 0;
			knownRegions = (
				en,
				Base,
			);
			mainGroup = 8DB31BF72A6FF61A0090E6CE;
			productRefGroup = 8DB31C012A6FF61A0090E6CE /* Products */;
			projectDirPath = "";
			projectRoot = "";
			targets = (
				8DB31BFF2A6FF61A0090E6CE /* StoryboardTesting */,
			);
		};
/* End PBXProject section */

/* Begin PBXResourcesBuildPhase section */
		8DB31BFE2A6FF61A0090E6CE /* Resources */ = {
			isa = PBXResourcesBuildPhase;
			buildActionMask = 2147483647;
			files = (
				8DB31C102A6FF61C0090E6CE /* LaunchScreen.storyboard in Resources */,
				8DB31C0D2A6FF61C0090E6CE /* Assets.xcassets in Resources */,
				8DB31C0B2A6FF61B0090E6CE /* Main.storyboard in Resources */,
				8DB31C1F2A6FF7B60090E6CE /* vc1.storyboard in Resources */,
				8DB31C222A6FF80A0090E6CE /* vc2.storyboard in Resources */,
				8DB31C242A6FF8F30090E6CE /* vc3.storyboard in Resources */,
			);
			runOnlyForDeploymentPostprocessing = 0;
		};
/* End PBXResourcesBuildPhase section */

/* Begin PBXSourcesBuildPhase section */
		8DB31BFC2A6FF61A0090E6CE /* Sources */ = {
			isa = PBXSourcesBuildPhase;
			buildActionMask = 2147483647;
			files = (
				8DB31C1A2A6FF7270090E6CE /* ViewController2.swift in Sources */,
				8DB31C182A6FF71B0090E6CE /* ViewController1.swift in Sources */,
				8DB31C1C2A6FF7330090E6CE /* ViewController3.swift in Sources */,
				8DB31C082A6FF61B0090E6CE /* ViewController.swift in Sources */,
				8DB31C042A6FF61A0090E6CE /* AppDelegate.swift in Sources */,
				8DB31C062A6FF61B0090E6CE /* SceneDelegate.swift in Sources */,
			);
			runOnlyForDeploymentPostprocessing = 0;
		};
/* End PBXSourcesBuildPhase section */

/* Begin PBXVariantGroup section */
		8DB31C092A6FF61B0090E6CE /* Main.storyboard */ = {
			isa = PBXVariantGroup;
			children = (
				8DB31C0A2A6FF61B0090E6CE /* Base */,
			);
			name = Main.storyboard;
			sourceTree = "<group>";
		};
		8DB31C0E2A6FF61C0090E6CE /* LaunchScreen.storyboard */ = {
			isa = PBXVariantGroup;
			children = (
				8DB31C0F2A6FF61C0090E6CE /* Base */,
			);
			name = LaunchScreen.storyboard;
			sourceTree = "<group>";
		};
		8DB31C1D2A6FF7B60090E6CE /* vc1.storyboard */ = {
			isa = PBXVariantGroup;
			children = (
				8DB31C1E2A6FF7B60090E6CE /* Base */,
			);
			name = vc1.storyboard;
			sourceTree = "<group>";
		};
		8DB31C202A6FF80A0090E6CE /* vc2.storyboard */ = {
			isa = PBXVariantGroup;
			children = (
				8DB31C212A6FF80A0090E6CE /* Base */,
			);
			name = vc2.storyboard;
			sourceTree = "<group>";
		};
/* End PBXVariantGroup section */

/* Begin XCBuildConfiguration section */
		8DB31C122A6FF61C0090E6CE /* Debug */ = {
			isa = XCBuildConfiguration;
			buildSettings = {
				ALWAYS_SEARCH_USER_PATHS = NO;
				CLANG_ANALYZER_NONNULL = YES;
				CLANG_ANALYZER_NUMBER_OBJECT_CONVERSION = YES_AGGRESSIVE;
				CLANG_CXX_LANGUAGE_STANDARD = "gnu++20";
				CLANG_ENABLE_MODULES = YES;
				CLANG_ENABLE_OBJC_ARC = YES;
				CLANG_ENABLE_OBJC_WEAK = YES;
				CLANG_WARN_BLOCK_CAPTURE_AUTORELEASING = YES;
				CLANG_WARN_BOOL_CONVERSION = YES;
				CLANG_WARN_COMMA = YES;
				CLANG_WARN_CONSTANT_CONVERSION = YES;
				CLANG_WARN_DEPRECATED_OBJC_IMPLEMENTATIONS = YES;
				CLANG_WARN_DIRECT_OBJC_ISA_USAGE = YES_ERROR;
				CLANG_WARN_DOCUMENTATION_COMMENTS = YES;
				CLANG_WARN_EMPTY_BODY = YES;
				CLANG_WARN_ENUM_CONVERSION = YES;
				CLANG_WARN_INFINITE_RECURSION = YES;
				CLANG_WARN_INT_CONVERSION = YES;
				CLANG_WARN_NON_LITERAL_NULL_CONVERSION = YES;
				CLANG_WARN_OBJC_IMPLICIT_RETAIN_SELF = YES;
				CLANG_WARN_OBJC_LITERAL_CONVERSION = YES;
				CLANG_WARN_OBJC_ROOT_CLASS = YES_ERROR;
				CLANG_WARN_QUOTED_INCLUDE_IN_FRAMEWORK_HEADER = YES;
				CLANG_WARN_RANGE_LOOP_ANALYSIS = YES;
				CLANG_WARN_STRICT_PROTOTYPES = YES;
				CLANG_WARN_SUSPICIOUS_MOVE = YES;
				CLANG_WARN_UNGUARDED_AVAILABILITY = YES_AGGRESSIVE;
				CLANG_WARN_UNREACHABLE_CODE = YES;
				CLANG_WARN__DUPLICATE_METHOD_MATCH = YES;
				COPY_PHASE_STRIP = NO;
				DEBUG_INFORMATION_FORMAT = dwarf;
				ENABLE_STRICT_OBJC_MSGSEND = YES;
				ENABLE_TESTABILITY = YES;
				GCC_C_LANGUAGE_STANDARD = gnu11;
				GCC_DYNAMIC_NO_PIC = NO;
				GCC_NO_COMMON_BLOCKS = YES;
				GCC_OPTIMIZATION_LEVEL = 0;
				GCC_PREPROCESSOR_DEFINITIONS = (
					"DEBUG=1",
					"$(inherited)",
				);
				GCC_WARN_64_TO_32_BIT_CONVERSION = YES;
				GCC_WARN_ABOUT_RETURN_TYPE = YES_ERROR;
				GCC_WARN_UNDECLARED_SELECTOR = YES;
				GCC_WARN_UNINITIALIZED_AUTOS = YES_AGGRESSIVE;
				GCC_WARN_UNUSED_FUNCTION = YES;
				GCC_WARN_UNUSED_VARIABLE = YES;
				IPHONEOS_DEPLOYMENT_TARGET = 16.4;
				MTL_ENABLE_DEBUG_INFO = INCLUDE_SOURCE;
				MTL_FAST_MATH = YES;
				ONLY_ACTIVE_ARCH = YES;
				SDKROOT = iphoneos;
				SWIFT_ACTIVE_COMPILATION_CONDITIONS = DEBUG;
				SWIFT_OPTIMIZATION_LEVEL = "-Onone";
			};
			name = Debug;
		};
		8DB31C132A6FF61C0090E6CE /* Release */ = {
			isa = XCBuildConfiguration;
			buildSettings = {
				ALWAYS_SEARCH_USER_PATHS = NO;
				CLANG_ANALYZER_NONNULL = YES;
				CLANG_ANALYZER_NUMBER_OBJECT_CONVERSION = YES_AGGRESSIVE;
				CLANG_CXX_LANGUAGE_STANDARD = "gnu++20";
				CLANG_ENABLE_MODULES = YES;
				CLANG_ENABLE_OBJC_ARC = YES;
				CLANG_ENABLE_OBJC_WEAK = YES;
				CLANG_WARN_BLOCK_CAPTURE_AUTORELEASING = YES;
				CLANG_WARN_BOOL_CONVERSION = YES;
				CLANG_WARN_COMMA = YES;
				CLANG_WARN_CONSTANT_CONVERSION = YES;
				CLANG_WARN_DEPRECATED_OBJC_IMPLEMENTATIONS = YES;
				CLANG_WARN_DIRECT_OBJC_ISA_USAGE = YES_ERROR;
				CLANG_WARN_DOCUMENTATION_COMMENTS = YES;
				CLANG_WARN_EMPTY_BODY = YES;
				CLANG_WARN_ENUM_CONVERSION = YES;
				CLANG_WARN_INFINITE_RECURSION = YES;
				CLANG_WARN_INT_CONVERSION = YES;
				CLANG_WARN_NON_LITERAL_NULL_CONVERSION = YES;
				CLANG_WARN_OBJC_IMPLICIT_RETAIN_SELF = YES;
				CLANG_WARN_OBJC_LITERAL_CONVERSION = YES;
				CLANG_WARN_OBJC_ROOT_CLASS = YES_ERROR;
				CLANG_WARN_QUOTED_INCLUDE_IN_FRAMEWORK_HEADER = YES;
				CLANG_WARN_RANGE_LOOP_ANALYSIS = YES;
				CLANG_WARN_STRICT_PROTOTYPES = YES;
				CLANG_WARN_SUSPICIOUS_MOVE = YES;
				CLANG_WARN_UNGUARDED_AVAILABILITY = YES_AGGRESSIVE;
				CLANG_WARN_UNREACHABLE_CODE = YES;
				CLANG_WARN__DUPLICATE_METHOD_MATCH = YES;
				COPY_PHASE_STRIP = NO;
				DEBUG_INFORMATION_FORMAT = "dwarf-with-dsym";
				ENABLE_NS_ASSERTIONS = NO;
				ENABLE_STRICT_OBJC_MSGSEND = YES;
				GCC_C_LANGUAGE_STANDARD = gnu11;
				GCC_NO_COMMON_BLOCKS = YES;
				GCC_WARN_64_TO_32_BIT_CONVERSION = YES;
				GCC_WARN_ABOUT_RETURN_TYPE = YES_ERROR;
				GCC_WARN_UNDECLARED_SELECTOR = YES;
				GCC_WARN_UNINITIALIZED_AUTOS = YES_AGGRESSIVE;
				GCC_WARN_UNUSED_FUNCTION = YES;
				GCC_WARN_UNUSED_VARIABLE = YES;
				IPHONEOS_DEPLOYMENT_TARGET = 16.4;
				MTL_ENABLE_DEBUG_INFO = NO;
				MTL_FAST_MATH = YES;
				SDKROOT = iphoneos;
				SWIFT_COMPILATION_MODE = wholemodule;
				SWIFT_OPTIMIZATION_LEVEL = "-O";
				VALIDATE_PRODUCT = YES;
			};
			name = Release;
		};
		8DB31C152A6FF61C0090E6CE /* Debug */ = {
			isa = XCBuildConfiguration;
			buildSettings = {
				ASSETCATALOG_COMPILER_APPICON_NAME = AppIcon;
				ASSETCATALOG_COMPILER_GLOBAL_ACCENT_COLOR_NAME = AccentColor;
				CODE_SIGN_STYLE = Automatic;
				CURRENT_PROJECT_VERSION = 1;
				GENERATE_INFOPLIST_FILE = YES;
				INFOPLIST_FILE = StoryboardTesting/Info.plist;
				INFOPLIST_KEY_UIApplicationSupportsIndirectInputEvents = YES;
				INFOPLIST_KEY_UILaunchStoryboardName = LaunchScreen;
				INFOPLIST_KEY_UIMainStoryboardFile = Main;
				INFOPLIST_KEY_UISupportedInterfaceOrientations_iPad = "UIInterfaceOrientationPortrait UIInterfaceOrientationPortraitUpsideDown UIInterfaceOrientationLandscapeLeft UIInterfaceOrientationLandscapeRight";
				INFOPLIST_KEY_UISupportedInterfaceOrientations_iPhone = "UIInterfaceOrientationPortrait UIInterfaceOrientationLandscapeLeft UIInterfaceOrientationLandscapeRight";
				LD_RUNPATH_SEARCH_PATHS = (
					"$(inherited)",
					"@executable_path/Frameworks",
				);
				MARKETING_VERSION = 1.0;
				PRODUCT_BUNDLE_IDENTIFIER = za.co.da.StoryboardTesting;
				PRODUCT_NAME = "$(TARGET_NAME)";
				SWIFT_EMIT_LOC_STRINGS = YES;
				SWIFT_VERSION = 5.0;
				TARGETED_DEVICE_FAMILY = "1,2";
			};
			name = Debug;
		};
		8DB31C162A6FF61C0090E6CE /* Release */ = {
			isa = XCBuildConfiguration;
			buildSettings = {
				ASSETCATALOG_COMPILER_APPICON_NAME = AppIcon;
				ASSETCATALOG_COMPILER_GLOBAL_ACCENT_COLOR_NAME = AccentColor;
				CODE_SIGN_STYLE = Automatic;
				CURRENT_PROJECT_VERSION = 1;
				GENERATE_INFOPLIST_FILE = YES;
				INFOPLIST_FILE = StoryboardTesting/Info.plist;
				INFOPLIST_KEY_UIApplicationSupportsIndirectInputEvents = YES;
				INFOPLIST_KEY_UILaunchStoryboardName = LaunchScreen;
				INFOPLIST_KEY_UIMainStoryboardFile = Main;
				INFOPLIST_KEY_UISupportedInterfaceOrientations_iPad = "UIInterfaceOrientationPortrait UIInterfaceOrientationPortraitUpsideDown UIInterfaceOrientationLandscapeLeft UIInterfaceOrientationLandscapeRight";
				INFOPLIST_KEY_UISupportedInterfaceOrientations_iPhone = "UIInterfaceOrientationPortrait UIInterfaceOrientationLandscapeLeft UIInterfaceOrientationLandscapeRight";
				LD_RUNPATH_SEARCH_PATHS = (
					"$(inherited)",
					"@executable_path/Frameworks",
				);
				MARKETING_VERSION = 1.0;
				PRODUCT_BUNDLE_IDENTIFIER = za.co.da.StoryboardTesting;
				PRODUCT_NAME = "$(TARGET_NAME)";
				SWIFT_EMIT_LOC_STRINGS = YES;
				SWIFT_VERSION = 5.0;
				TARGETED_DEVICE_FAMILY = "1,2";
			};
			name = Release;
		};
/* End XCBuildConfiguration section */

/* Begin XCConfigurationList section */
		8DB31BFB2A6FF61A0090E6CE /* Build configuration list for PBXProject "StoryboardTesting" */ = {
			isa = XCConfigurationList;
			buildConfigurations = (
				8DB31C122A6FF61C0090E6CE /* Debug */,
				8DB31C132A6FF61C0090E6CE /* Release */,
			);
			defaultConfigurationIsVisible = 0;
			defaultConfigurationName = Release;
		};
		8DB31C142A6FF61C0090E6CE /* Build configuration list for PBXNativeTarget "StoryboardTesting" */ = {
			isa = XCConfigurationList;
			buildConfigurations = (
				8DB31C152A6FF61C0090E6CE /* Debug */,
				8DB31C162A6FF61C0090E6CE /* Release */,
			);
			defaultConfigurationIsVisible = 0;
			defaultConfigurationName = Release;
		};
/* End XCConfigurationList section */
	};
	rootObject = 8DB31BF82A6FF61A0090E6CE /* Project object */;
}
